Microsoft Visual Studio Solution File, Format Version 12.00
# Visual Studio Version 17
VisualStudioVersion = 17.5.2.0
MinimumVisualStudioVersion = 10.0.40219.1
Project("{FAE04EC0-301F-11D3-BF4B-00C04F79EFBC}") = "Atividade08", "Atividade08.csproj", "{2EE3BC2D-EDA9-10A3-5D99-E301ACE93C22}"
EndProject
Global
	GlobalSection(SolutionConfigurationPlatforms) = preSolution
		Debug|Any CPU = Debug|Any CPU
		Release|Any CPU = Release|Any CPU
	EndGlobalSection
	GlobalSection(ProjectConfigurationPlatforms) = postSolution
		{2EE3BC2D-EDA9-10A3-5D99-E301ACE93C22}.Debug|Any CPU.ActiveCfg = Debug|Any CPU
		{2EE3BC2D-EDA9-10A3-5D99-E301ACE93C22}.Debug|Any CPU.Build.0 = Debug|Any CPU
		{2EE3BC2D-EDA9-10A3-5D99-E301ACE93C22}.Release|Any CPU.ActiveCfg = Release|Any CPU
		{2EE3BC2D-EDA9-10A3-5D99-E301ACE93C22}.Release|Any CPU.Build.0 = Release|Any CPU
	EndGlobalSection
	GlobalSection(SolutionProperties) = preSolution
		HideSolutionNode = FALSE
	EndGlobalSection
	GlobalSection(ExtensibilityGlobals) = postSolution
		SolutionGuid = {7D011EA6-5047-4BA0-A632-2D20AF371EF2}
	EndGlobalSection
EndGlobal
